// !$*UTF8*$!
{
	archiveVersion = 1;
	classes = {
	};
	objectVersion = 56;
	objects = {

/* Begin PBXBuildFile section */
		2C0BA1AA29E4D2B1006F0114 /* UserDataModule.swift in Sources */ = {isa = PBXBuildFile; fileRef = 2C0BA1A929E4D2B1006F0114 /* UserDataModule.swift */; };
		2C24088429CCF42600B376DD /* Authorization.swift in Sources */ = {isa = PBXBuildFile; fileRef = 2C24088329CCF42600B376DD /* Authorization.swift */; };
		2C2464CC29CAC7120021907A /* TreeCard.swift in Sources */ = {isa = PBXBuildFile; fileRef = 2C2464CB29CAC7120021907A /* TreeCard.swift */; };
		2C2464CE29CAD6570021907A /* CardsTrees.swift in Sources */ = {isa = PBXBuildFile; fileRef = 2C2464CD29CAD6570021907A /* CardsTrees.swift */; };
		2C2464D029CAE2690021907A /* correctDate.swift in Sources */ = {isa = PBXBuildFile; fileRef = 2C2464CF29CAE2690021907A /* correctDate.swift */; };
		2C2464D429CAF1D00021907A /* DetailCardTree.swift in Sources */ = {isa = PBXBuildFile; fileRef = 2C2464D329CAF1D00021907A /* DetailCardTree.swift */; };
		2C2F79E029CA6E1300157DDB /* ScrollViewCard.swift in Sources */ = {isa = PBXBuildFile; fileRef = 2C2F79DF29CA6E1300157DDB /* ScrollViewCard.swift */; };
		2C3E1C5C29D45764001FEC5A /* WateringLog.swift in Sources */ = {isa = PBXBuildFile; fileRef = 2C3E1C5B29D45764001FEC5A /* WateringLog.swift */; };
		2C3FF28B29C85D760009AB1A /* Home.swift in Sources */ = {isa = PBXBuildFile; fileRef = 2C3FF28A29C85D760009AB1A /* Home.swift */; };
		2C3FF28D29C85E650009AB1A /* BlurWindow.swift in Sources */ = {isa = PBXBuildFile; fileRef = 2C3FF28C29C85E650009AB1A /* BlurWindow.swift */; };
		2C3FF29129C862070009AB1A /* TabButton.swift in Sources */ = {isa = PBXBuildFile; fileRef = 2C3FF29029C862070009AB1A /* TabButton.swift */; };
		2C4ED44729E7F7D9002FA400 /* AddendumCard.swift in Sources */ = {isa = PBXBuildFile; fileRef = 2C4ED44629E7F7D9002FA400 /* AddendumCard.swift */; };
		2C8CE9A229CE1CBA00530B94 /* PlotCard.swift in Sources */ = {isa = PBXBuildFile; fileRef = 2C8CE9A129CE1CBA00530B94 /* PlotCard.swift */; };
		2C8CE9A629CE32F800530B94 /* Plots.swift in Sources */ = {isa = PBXBuildFile; fileRef = 2C8CE9A529CE32F800530B94 /* Plots.swift */; };
		2C8CE9A829CE35A100530B94 /* PlotInfo.swift in Sources */ = {isa = PBXBuildFile; fileRef = 2C8CE9A729CE35A100530B94 /* PlotInfo.swift */; };
		2C8CE9AC29CE672F00530B94 /* Trees.swift in Sources */ = {isa = PBXBuildFile; fileRef = 2C8CE9AB29CE672F00530B94 /* Trees.swift */; };
		2C8D7B6829D58EE4006C5AD3 /* TypeTreeCard.swift in Sources */ = {isa = PBXBuildFile; fileRef = 2C8D7B6729D58EE4006C5AD3 /* TypeTreeCard.swift */; };
		2C8D7B6A29D5A51D006C5AD3 /* TypeTrees.swift in Sources */ = {isa = PBXBuildFile; fileRef = 2C8D7B6929D5A51D006C5AD3 /* TypeTrees.swift */; };
		2C8D7B6D29D5FA1F006C5AD3 /* TypeTreesModul.swift in Sources */ = {isa = PBXBuildFile; fileRef = 2C8D7B6C29D5FA1F006C5AD3 /* TypeTreesModul.swift */; };
		2C8D7B6F29D61D9C006C5AD3 /* TreeCardForTypeTreeView.swift in Sources */ = {isa = PBXBuildFile; fileRef = 2C8D7B6E29D61D9C006C5AD3 /* TreeCardForTypeTreeView.swift */; };
		2CA79B3D29E8766200045ACB /* AddEmployee.swift in Sources */ = {isa = PBXBuildFile; fileRef = 2CA79B3C29E8766200045ACB /* AddEmployee.swift */; };
		2CC72AE429C886FC00559E47 /* APIManager.swift in Sources */ = {isa = PBXBuildFile; fileRef = 2CC72AE329C886FC00559E47 /* APIManager.swift */; };
		2CC72AEA29C88FA200559E47 /* CardsEmployes.swift in Sources */ = {isa = PBXBuildFile; fileRef = 2CC72AE929C88FA200559E47 /* CardsEmployes.swift */; };
		2CC72AED29C8937800559E47 /* SDWebImageSwiftUI in Frameworks */ = {isa = PBXBuildFile; productRef = 2CC72AEC29C8937800559E47 /* SDWebImageSwiftUI */; };
		2CCC1E8429C8CD5B00FB8088 /* SideBar.swift in Sources */ = {isa = PBXBuildFile; fileRef = 2CCC1E8329C8CD5B00FB8088 /* SideBar.swift */; };
		2CCC1E8629C8D76900FB8088 /* Employees.swift in Sources */ = {isa = PBXBuildFile; fileRef = 2CCC1E8529C8D76900FB8088 /* Employees.swift */; };
		2CCC1E9229C900FF00FB8088 /* CorrectPhone.swift in Sources */ = {isa = PBXBuildFile; fileRef = 2CCC1E9129C900FF00FB8088 /* CorrectPhone.swift */; };
		2CCC1E9429C90CF200FB8088 /* DetailCard.swift in Sources */ = {isa = PBXBuildFile; fileRef = 2CCC1E9329C90CF200FB8088 /* DetailCard.swift */; };
		2CE0871629C83AF800710F98 /* WoodGrowthCourseWorkSwiftUIApp.swift in Sources */ = {isa = PBXBuildFile; fileRef = 2CE0871529C83AF800710F98 /* WoodGrowthCourseWorkSwiftUIApp.swift */; };
		2CE0871829C83AF800710F98 /* ContentView.swift in Sources */ = {isa = PBXBuildFile; fileRef = 2CE0871729C83AF800710F98 /* ContentView.swift */; };
		2CE0871A29C83AF900710F98 /* Assets.xcassets in Resources */ = {isa = PBXBuildFile; fileRef = 2CE0871929C83AF900710F98 /* Assets.xcassets */; };
		2CE0871D29C83AF900710F98 /* Preview Assets.xcassets in Resources */ = {isa = PBXBuildFile; fileRef = 2CE0871C29C83AF900710F98 /* Preview Assets.xcassets */; };
		2CE0872529C8401900710F98 /* AdminMenuView.swift in Sources */ = {isa = PBXBuildFile; fileRef = 2CE0872429C8401900710F98 /* AdminMenuView.swift */; };
		2CEEBA2D29CE9DDA00403ECE /* TurnOffServer.swift in Sources */ = {isa = PBXBuildFile; fileRef = 2CEEBA2C29CE9DDA00403ECE /* TurnOffServer.swift */; };
		2CEEBA2F29CEA58B00403ECE /* EditPlot.swift in Sources */ = {isa = PBXBuildFile; fileRef = 2CEEBA2E29CEA58B00403ECE /* EditPlot.swift */; };
		2CEEBA3B29CF5D4C00403ECE /* FertilizerView.swift in Sources */ = {isa = PBXBuildFile; fileRef = 2CEEBA3A29CF5D4C00403ECE /* FertilizerView.swift */; };
		2CEEBA3D29CF5D5900403ECE /* FertilizerCard.swift in Sources */ = {isa = PBXBuildFile; fileRef = 2CEEBA3C29CF5D5900403ECE /* FertilizerCard.swift */; };
		2CEEBA3F29CF636200403ECE /* FertilizerData.swift in Sources */ = {isa = PBXBuildFile; fileRef = 2CEEBA3E29CF636200403ECE /* FertilizerData.swift */; };
		2CEEBA4129CF685300403ECE /* FertilizerEdit.swift in Sources */ = {isa = PBXBuildFile; fileRef = 2CEEBA4029CF685300403ECE /* FertilizerEdit.swift */; };
		2CEEBA4829CF99C300403ECE /* SupplierCard.swift in Sources */ = {isa = PBXBuildFile; fileRef = 2CEEBA4729CF99C300403ECE /* SupplierCard.swift */; };
		2CEEBA4A29CF9C1F00403ECE /* S&DVies.swift in Sources */ = {isa = PBXBuildFile; fileRef = 2CEEBA4929CF9C1F00403ECE /* S&DVies.swift */; };
		2CEEBA4C29CF9F1D00403ECE /* SupplierData.swift in Sources */ = {isa = PBXBuildFile; fileRef = 2CEEBA4B29CF9F1D00403ECE /* SupplierData.swift */; };
		2CEEBA4E29CFB37600403ECE /* SupplierDetail.swift in Sources */ = {isa = PBXBuildFile; fileRef = 2CEEBA4D29CFB37600403ECE /* SupplierDetail.swift */; };
		2CEEBA5329CFBCA600403ECE /* DeliveryData.swift in Sources */ = {isa = PBXBuildFile; fileRef = 2CEEBA5229CFBCA600403ECE /* DeliveryData.swift */; };
/* End PBXBuildFile section */

/* Begin PBXFileReference section */
		2C0BA1A929E4D2B1006F0114 /* UserDataModule.swift */ = {isa = PBXFileReference; lastKnownFileType = sourcecode.swift; path = UserDataModule.swift; sourceTree = "<group>"; };
		2C24088329CCF42600B376DD /* Authorization.swift */ = {isa = PBXFileReference; lastKnownFileType = sourcecode.swift; path = Authorization.swift; sourceTree = "<group>"; };
		2C2464CB29CAC7120021907A /* TreeCard.swift */ = {isa = PBXFileReference; lastKnownFileType = sourcecode.swift; path = TreeCard.swift; sourceTree = "<group>"; };
		2C2464CD29CAD6570021907A /* CardsTrees.swift */ = {isa = PBXFileReference; lastKnownFileType = sourcecode.swift; path = CardsTrees.swift; sourceTree = "<group>"; };
		2C2464CF29CAE2690021907A /* correctDate.swift */ = {isa = PBXFileReference; lastKnownFileType = sourcecode.swift; path = correctDate.swift; sourceTree = "<group>"; };
		2C2464D329CAF1D00021907A /* DetailCardTree.swift */ = {isa = PBXFileReference; lastKnownFileType = sourcecode.swift; path = DetailCardTree.swift; sourceTree = "<group>"; };
		2C2F79DF29CA6E1300157DDB /* ScrollViewCard.swift */ = {isa = PBXFileReference; lastKnownFileType = sourcecode.swift; path = ScrollViewCard.swift; sourceTree = "<group>"; };
		2C3E1C5B29D45764001FEC5A /* WateringLog.swift */ = {isa = PBXFileReference; lastKnownFileType = sourcecode.swift; path = WateringLog.swift; sourceTree = "<group>"; };
		2C3FF28A29C85D760009AB1A /* Home.swift */ = {isa = PBXFileReference; lastKnownFileType = sourcecode.swift; path = Home.swift; sourceTree = "<group>"; };
		2C3FF28C29C85E650009AB1A /* BlurWindow.swift */ = {isa = PBXFileReference; lastKnownFileType = sourcecode.swift; path = BlurWindow.swift; sourceTree = "<group>"; };
		2C3FF29029C862070009AB1A /* TabButton.swift */ = {isa = PBXFileReference; lastKnownFileType = sourcecode.swift; path = TabButton.swift; sourceTree = "<group>"; };
		2C4ED44629E7F7D9002FA400 /* AddendumCard.swift */ = {isa = PBXFileReference; lastKnownFileType = sourcecode.swift; path = AddendumCard.swift; sourceTree = "<group>"; };
		2C8CE9A129CE1CBA00530B94 /* PlotCard.swift */ = {isa = PBXFileReference; lastKnownFileType = sourcecode.swift; path = PlotCard.swift; sourceTree = "<group>"; };
		2C8CE9A529CE32F800530B94 /* Plots.swift */ = {isa = PBXFileReference; lastKnownFileType = sourcecode.swift; path = Plots.swift; sourceTree = "<group>"; };
		2C8CE9A729CE35A100530B94 /* PlotInfo.swift */ = {isa = PBXFileReference; lastKnownFileType = sourcecode.swift; path = PlotInfo.swift; sourceTree = "<group>"; };
		2C8CE9AB29CE672F00530B94 /* Trees.swift */ = {isa = PBXFileReference; lastKnownFileType = sourcecode.swift; path = Trees.swift; sourceTree = "<group>"; };
		2C8D7B6729D58EE4006C5AD3 /* TypeTreeCard.swift */ = {isa = PBXFileReference; lastKnownFileType = sourcecode.swift; path = TypeTreeCard.swift; sourceTree = "<group>"; };
		2C8D7B6929D5A51D006C5AD3 /* TypeTrees.swift */ = {isa = PBXFileReference; lastKnownFileType = sourcecode.swift; path = TypeTrees.swift; sourceTree = "<group>"; };
		2C8D7B6C29D5FA1F006C5AD3 /* TypeTreesModul.swift */ = {isa = PBXFileReference; lastKnownFileType = sourcecode.swift; path = TypeTreesModul.swift; sourceTree = "<group>"; };
		2C8D7B6E29D61D9C006C5AD3 /* TreeCardForTypeTreeView.swift */ = {isa = PBXFileReference; lastKnownFileType = sourcecode.swift; path = TreeCardForTypeTreeView.swift; sourceTree = "<group>"; };
		2CA79B3C29E8766200045ACB /* AddEmployee.swift */ = {isa = PBXFileReference; lastKnownFileType = sourcecode.swift; path = AddEmployee.swift; sourceTree = "<group>"; };
		2CC72AE329C886FC00559E47 /* APIManager.swift */ = {isa = PBXFileReference; lastKnownFileType = sourcecode.swift; path = APIManager.swift; sourceTree = "<group>"; };
		2CC72AE929C88FA200559E47 /* CardsEmployes.swift */ = {isa = PBXFileReference; lastKnownFileType = sourcecode.swift; path = CardsEmployes.swift; sourceTree = "<group>"; };
		2CCC1E8329C8CD5B00FB8088 /* SideBar.swift */ = {isa = PBXFileReference; lastKnownFileType = sourcecode.swift; path = SideBar.swift; sourceTree = "<group>"; };
		2CCC1E8529C8D76900FB8088 /* Employees.swift */ = {isa = PBXFileReference; lastKnownFileType = sourcecode.swift; path = Employees.swift; sourceTree = "<group>"; };
		2CCC1E9129C900FF00FB8088 /* CorrectPhone.swift */ = {isa = PBXFileReference; lastKnownFileType = sourcecode.swift; path = CorrectPhone.swift; sourceTree = "<group>"; };
		2CCC1E9329C90CF200FB8088 /* DetailCard.swift */ = {isa = PBXFileReference; lastKnownFileType = sourcecode.swift; path = DetailCard.swift; sourceTree = "<group>"; };
		2CE0871229C83AF800710F98 /* WoodGrowthCourseWorkSwiftUI.app */ = {isa = PBXFileReference; explicitFileType = wrapper.application; includeInIndex = 0; path = WoodGrowthCourseWorkSwiftUI.app; sourceTree = BUILT_PRODUCTS_DIR; };
		2CE0871529C83AF800710F98 /* WoodGrowthCourseWorkSwiftUIApp.swift */ = {isa = PBXFileReference; lastKnownFileType = sourcecode.swift; path = WoodGrowthCourseWorkSwiftUIApp.swift; sourceTree = "<group>"; };
		2CE0871729C83AF800710F98 /* ContentView.swift */ = {isa = PBXFileReference; lastKnownFileType = sourcecode.swift; path = ContentView.swift; sourceTree = "<group>"; };
		2CE0871929C83AF900710F98 /* Assets.xcassets */ = {isa = PBXFileReference; lastKnownFileType = folder.assetcatalog; path = Assets.xcassets; sourceTree = "<group>"; };
		2CE0871C29C83AF900710F98 /* Preview Assets.xcassets */ = {isa = PBXFileReference; lastKnownFileType = folder.assetcatalog; path = "Preview Assets.xcassets"; sourceTree = "<group>"; };
		2CE0871E29C83AF900710F98 /* WoodGrowthCourseWorkSwiftUI.entitlements */ = {isa = PBXFileReference; lastKnownFileType = text.plist.entitlements; path = WoodGrowthCourseWorkSwiftUI.entitlements; sourceTree = "<group>"; };
		2CE0872429C8401900710F98 /* AdminMenuView.swift */ = {isa = PBXFileReference; lastKnownFileType = sourcecode.swift; path = AdminMenuView.swift; sourceTree = "<group>"; };
		2CEEBA2C29CE9DDA00403ECE /* TurnOffServer.swift */ = {isa = PBXFileReference; lastKnownFileType = sourcecode.swift; path = TurnOffServer.swift; sourceTree = "<group>"; };
		2CEEBA2E29CEA58B00403ECE /* EditPlot.swift */ = {isa = PBXFileReference; lastKnownFileType = sourcecode.swift; path = EditPlot.swift; sourceTree = "<group>"; };
		2CEEBA3A29CF5D4C00403ECE /* FertilizerView.swift */ = {isa = PBXFileReference; lastKnownFileType = sourcecode.swift; path = FertilizerView.swift; sourceTree = "<group>"; };
		2CEEBA3C29CF5D5900403ECE /* FertilizerCard.swift */ = {isa = PBXFileReference; lastKnownFileType = sourcecode.swift; path = FertilizerCard.swift; sourceTree = "<group>"; };
		2CEEBA3E29CF636200403ECE /* FertilizerData.swift */ = {isa = PBXFileReference; lastKnownFileType = sourcecode.swift; path = FertilizerData.swift; sourceTree = "<group>"; };
		2CEEBA4029CF685300403ECE /* FertilizerEdit.swift */ = {isa = PBXFileReference; lastKnownFileType = sourcecode.swift; path = FertilizerEdit.swift; sourceTree = "<group>"; };
		2CEEBA4729CF99C300403ECE /* SupplierCard.swift */ = {isa = PBXFileReference; lastKnownFileType = sourcecode.swift; path = SupplierCard.swift; sourceTree = "<group>"; };
		2CEEBA4929CF9C1F00403ECE /* S&DVies.swift */ = {isa = PBXFileReference; lastKnownFileType = sourcecode.swift; path = "S&DVies.swift"; sourceTree = "<group>"; };
		2CEEBA4B29CF9F1D00403ECE /* SupplierData.swift */ = {isa = PBXFileReference; lastKnownFileType = sourcecode.swift; path = SupplierData.swift; sourceTree = "<group>"; };
		2CEEBA4D29CFB37600403ECE /* SupplierDetail.swift */ = {isa = PBXFileReference; lastKnownFileType = sourcecode.swift; path = SupplierDetail.swift; sourceTree = "<group>"; };
		2CEEBA5229CFBCA600403ECE /* DeliveryData.swift */ = {isa = PBXFileReference; lastKnownFileType = sourcecode.swift; path = DeliveryData.swift; sourceTree = "<group>"; };
/* End PBXFileReference section */

/* Begin PBXFrameworksBuildPhase section */
		2CE0870F29C83AF800710F98 /* Frameworks */ = {
			isa = PBXFrameworksBuildPhase;
			buildActionMask = 2147483647;
			files = (
				2CC72AED29C8937800559E47 /* SDWebImageSwiftUI in Frameworks */,
			);
			runOnlyForDeploymentPostprocessing = 0;
		};
/* End PBXFrameworksBuildPhase section */

/* Begin PBXGroup section */
		2C0BA1A629E4B3C3006F0114 /* Main */ = {
			isa = PBXGroup;
			children = (
				2C3FF28A29C85D760009AB1A /* Home.swift */,
			);
			path = Main;
			sourceTree = "<group>";
		};
		2C0BA1A729E4B3C8006F0114 /* Component */ = {
			isa = PBXGroup;
			children = (
			);
			path = Component;
			sourceTree = "<group>";
		};
		2C0BA1A829E4B3D1006F0114 /* Module */ = {
			isa = PBXGroup;
			children = (
				2C0BA1A929E4D2B1006F0114 /* UserDataModule.swift */,
			);
			path = Module;
			sourceTree = "<group>";
		};
		2C2464C929CAC6B00021907A /* Trees */ = {
			isa = PBXGroup;
			children = (
				2CEEBA3029CEB0E000403ECE /* Model */,
				2CEEBA3529CEB12B00403ECE /* Components */,
				2CEEBA2B29CE9C9A00403ECE /* Main */,
			);
			path = Trees;
			sourceTree = "<group>";
		};
		2C2464CA29CAC6BB0021907A /* Employees */ = {
			isa = PBXGroup;
			children = (
				2CEEBA3229CEB0FB00403ECE /* Model */,
				2CEEBA3329CEB10800403ECE /* Components */,
				2CEEBA2A29CE9C8E00403ECE /* Main */,
			);
			path = Employees;
			sourceTree = "<group>";
		};
		2C3FF28929C85D630009AB1A /* Views */ = {
			isa = PBXGroup;
			children = (
				2CBD8A2529CA3D4900471862 /* HelpViews */,
				2CCC1E8D29C8F3B600FB8088 /* MenuButtonsViews */,
			);
			path = Views;
			sourceTree = "<group>";
		};
		2C8CE9A029CE1B4000530B94 /* Plots */ = {
			isa = PBXGroup;
			children = (
				2CEEBA3129CEB0EC00403ECE /* Model */,
				2CEEBA3429CEB11E00403ECE /* Components */,
				2CEEBA2929CE9C8000403ECE /* Main */,
			);
			path = Plots;
			sourceTree = "<group>";
		};
		2C8D7B6429D58EBF006C5AD3 /* TypeTree */ = {
			isa = PBXGroup;
			children = (
				2C8D7B6B29D5FA00006C5AD3 /* Module */,
				2C8D7B6529D58ECD006C5AD3 /* Component */,
				2C8D7B6629D58ED5006C5AD3 /* Main */,
			);
			path = TypeTree;
			sourceTree = "<group>";
		};
		2C8D7B6529D58ECD006C5AD3 /* Component */ = {
			isa = PBXGroup;
			children = (
				2C8D7B6729D58EE4006C5AD3 /* TypeTreeCard.swift */,
				2C8D7B6E29D61D9C006C5AD3 /* TreeCardForTypeTreeView.swift */,
			);
			path = Component;
			sourceTree = "<group>";
		};
		2C8D7B6629D58ED5006C5AD3 /* Main */ = {
			isa = PBXGroup;
			children = (
				2C8D7B6929D5A51D006C5AD3 /* TypeTrees.swift */,
			);
			path = Main;
			sourceTree = "<group>";
		};
		2C8D7B6B29D5FA00006C5AD3 /* Module */ = {
			isa = PBXGroup;
			children = (
				2C8D7B6C29D5FA1F006C5AD3 /* TypeTreesModul.swift */,
			);
			path = Module;
			sourceTree = "<group>";
		};
		2CBD8A2529CA3D4900471862 /* HelpViews */ = {
			isa = PBXGroup;
			children = (
				2C3FF28C29C85E650009AB1A /* BlurWindow.swift */,
				2C3FF29029C862070009AB1A /* TabButton.swift */,
				2CCC1E8329C8CD5B00FB8088 /* SideBar.swift */,
				2CEEBA2C29CE9DDA00403ECE /* TurnOffServer.swift */,
			);
			path = HelpViews;
			sourceTree = "<group>";
		};
		2CC72AE229C886EB00559E47 /* APIModel */ = {
			isa = PBXGroup;
			children = (
				2CC72AE329C886FC00559E47 /* APIManager.swift */,
			);
			path = APIModel;
			sourceTree = "<group>";
		};
		2CCC1E8D29C8F3B600FB8088 /* MenuButtonsViews */ = {
			isa = PBXGroup;
			children = (
				2CDCA55929D06B1C009E75D2 /* Home */,
				2C8CE9A029CE1B4000530B94 /* Plots */,
				2C8D7B6429D58EBF006C5AD3 /* TypeTree */,
				2CEEBA3629CF5CFA00403ECE /* Fertilizers */,
				2C2464CA29CAC6BB0021907A /* Employees */,
				2C2464C929CAC6B00021907A /* Trees */,
				2CDCA55829D06B06009E75D2 /* Authorization */,
				2CEEBA4229CF98CC00403ECE /* Suppliers&Deliveries */,
				2CE0872429C8401900710F98 /* AdminMenuView.swift */,
			);
			path = MenuButtonsViews;
			sourceTree = "<group>";
		};
		2CCC1E9029C900E500FB8088 /* Units */ = {
			isa = PBXGroup;
			children = (
				2CCC1E9129C900FF00FB8088 /* CorrectPhone.swift */,
				2C2464CF29CAE2690021907A /* correctDate.swift */,
			);
			path = Units;
			sourceTree = "<group>";
		};
		2CDCA55829D06B06009E75D2 /* Authorization */ = {
			isa = PBXGroup;
			children = (
				2C24088329CCF42600B376DD /* Authorization.swift */,
			);
			path = Authorization;
			sourceTree = "<group>";
		};
		2CDCA55929D06B1C009E75D2 /* Home */ = {
			isa = PBXGroup;
			children = (
				2C0BA1A829E4B3D1006F0114 /* Module */,
				2C0BA1A729E4B3C8006F0114 /* Component */,
				2C0BA1A629E4B3C3006F0114 /* Main */,
			);
			path = Home;
			sourceTree = "<group>";
		};
		2CE0870929C83AF800710F98 = {
			isa = PBXGroup;
			children = (
				2CE0871429C83AF800710F98 /* WoodGrowthCourseWorkSwiftUI */,
				2CE0871329C83AF800710F98 /* Products */,
			);
			sourceTree = "<group>";
		};
		2CE0871329C83AF800710F98 /* Products */ = {
			isa = PBXGroup;
			children = (
				2CE0871229C83AF800710F98 /* WoodGrowthCourseWorkSwiftUI.app */,
			);
			name = Products;
			sourceTree = "<group>";
		};
		2CE0871429C83AF800710F98 /* WoodGrowthCourseWorkSwiftUI */ = {
			isa = PBXGroup;
			children = (
				2CCC1E9029C900E500FB8088 /* Units */,
				2CC72AE229C886EB00559E47 /* APIModel */,
				2C3FF28929C85D630009AB1A /* Views */,
				2CE0871529C83AF800710F98 /* WoodGrowthCourseWorkSwiftUIApp.swift */,
				2CE0871729C83AF800710F98 /* ContentView.swift */,
				2CE0871929C83AF900710F98 /* Assets.xcassets */,
				2CE0871E29C83AF900710F98 /* WoodGrowthCourseWorkSwiftUI.entitlements */,
				2CE0871B29C83AF900710F98 /* Preview Content */,
			);
			path = WoodGrowthCourseWorkSwiftUI;
			sourceTree = "<group>";
		};
		2CE0871B29C83AF900710F98 /* Preview Content */ = {
			isa = PBXGroup;
			children = (
				2CE0871C29C83AF900710F98 /* Preview Assets.xcassets */,
			);
			path = "Preview Content";
			sourceTree = "<group>";
		};
		2CEEBA2929CE9C8000403ECE /* Main */ = {
			isa = PBXGroup;
			children = (
				2C8CE9A529CE32F800530B94 /* Plots.swift */,
			);
			path = Main;
			sourceTree = "<group>";
		};
		2CEEBA2A29CE9C8E00403ECE /* Main */ = {
			isa = PBXGroup;
			children = (
				2CCC1E8529C8D76900FB8088 /* Employees.swift */,
			);
			path = Main;
			sourceTree = "<group>";
		};
		2CEEBA2B29CE9C9A00403ECE /* Main */ = {
			isa = PBXGroup;
			children = (
				2C8CE9AB29CE672F00530B94 /* Trees.swift */,
			);
			path = Main;
			sourceTree = "<group>";
		};
		2CEEBA3029CEB0E000403ECE /* Model */ = {
			isa = PBXGroup;
			children = (
				2C2464CD29CAD6570021907A /* CardsTrees.swift */,
			);
			path = Model;
			sourceTree = "<group>";
		};
		2CEEBA3129CEB0EC00403ECE /* Model */ = {
			isa = PBXGroup;
			children = (
				2C8CE9A729CE35A100530B94 /* PlotInfo.swift */,
			);
			path = Model;
			sourceTree = "<group>";
		};
		2CEEBA3229CEB0FB00403ECE /* Model */ = {
			isa = PBXGroup;
			children = (
				2CC72AE929C88FA200559E47 /* CardsEmployes.swift */,
			);
			path = Model;
			sourceTree = "<group>";
		};
		2CEEBA3329CEB10800403ECE /* Components */ = {
			isa = PBXGroup;
			children = (
				2CCC1E9329C90CF200FB8088 /* DetailCard.swift */,
				2C2F79DF29CA6E1300157DDB /* ScrollViewCard.swift */,
				2CA79B3C29E8766200045ACB /* AddEmployee.swift */,
			);
			path = Components;
			sourceTree = "<group>";
		};
		2CEEBA3429CEB11E00403ECE /* Components */ = {
			isa = PBXGroup;
			children = (
				2C8CE9A129CE1CBA00530B94 /* PlotCard.swift */,
				2CEEBA2E29CEA58B00403ECE /* EditPlot.swift */,
				2C3E1C5B29D45764001FEC5A /* WateringLog.swift */,
				2C4ED44629E7F7D9002FA400 /* AddendumCard.swift */,
			);
			path = Components;
			sourceTree = "<group>";
		};
		2CEEBA3529CEB12B00403ECE /* Components */ = {
			isa = PBXGroup;
			children = (
				2C2464CB29CAC7120021907A /* TreeCard.swift */,
				2C2464D329CAF1D00021907A /* DetailCardTree.swift */,
			);
			path = Components;
			sourceTree = "<group>";
		};
		2CEEBA3629CF5CFA00403ECE /* Fertilizers */ = {
			isa = PBXGroup;
			children = (
				2CEEBA3929CF5D3200403ECE /* Model */,
				2CEEBA3829CF5D2900403ECE /* Components */,
				2CEEBA3729CF5D2400403ECE /* Main */,
			);
			path = Fertilizers;
			sourceTree = "<group>";
		};
		2CEEBA3729CF5D2400403ECE /* Main */ = {
			isa = PBXGroup;
			children = (
				2CEEBA3A29CF5D4C00403ECE /* FertilizerView.swift */,
			);
			path = Main;
			sourceTree = "<group>";
		};
		2CEEBA3829CF5D2900403ECE /* Components */ = {
			isa = PBXGroup;
			children = (
				2CEEBA3C29CF5D5900403ECE /* FertilizerCard.swift */,
				2CEEBA4029CF685300403ECE /* FertilizerEdit.swift */,
			);
			path = Components;
			sourceTree = "<group>";
		};
		2CEEBA3929CF5D3200403ECE /* Model */ = {
			isa = PBXGroup;
			children = (
				2CEEBA3E29CF636200403ECE /* FertilizerData.swift */,
			);
			path = Model;
			sourceTree = "<group>";
		};
		2CEEBA4229CF98CC00403ECE /* Suppliers&Deliveries */ = {
			isa = PBXGroup;
			children = (
				2CEEBA4329CF98F400403ECE /* Suppliers */,
				2CEEBA4F29CFBA4900403ECE /* Deliveries */,
				2CEEBA4629CF991B00403ECE /* Main */,
			);
			path = "Suppliers&Deliveries";
			sourceTree = "<group>";
		};
		2CEEBA4329CF98F400403ECE /* Suppliers */ = {
			isa = PBXGroup;
			children = (
				2CEEBA4529CF990C00403ECE /* Modul */,
				2CEEBA4429CF990000403ECE /* Component */,
			);
			path = Suppliers;
			sourceTree = "<group>";
		};
		2CEEBA4429CF990000403ECE /* Component */ = {
			isa = PBXGroup;
			children = (
				2CEEBA4729CF99C300403ECE /* SupplierCard.swift */,
				2CEEBA4D29CFB37600403ECE /* SupplierDetail.swift */,
			);
			path = Component;
			sourceTree = "<group>";
		};
		2CEEBA4529CF990C00403ECE /* Modul */ = {
			isa = PBXGroup;
			children = (
				2CEEBA4B29CF9F1D00403ECE /* SupplierData.swift */,
			);
			path = Modul;
			sourceTree = "<group>";
		};
		2CEEBA4629CF991B00403ECE /* Main */ = {
			isa = PBXGroup;
			children = (
				2CEEBA4929CF9C1F00403ECE /* S&DVies.swift */,
			);
			path = Main;
			sourceTree = "<group>";
		};
		2CEEBA4F29CFBA4900403ECE /* Deliveries */ = {
			isa = PBXGroup;
			children = (
				2CEEBA5129CFBA7100403ECE /* Modul */,
			);
			path = Deliveries;
			sourceTree = "<group>";
		};
		2CEEBA5129CFBA7100403ECE /* Modul */ = {
			isa = PBXGroup;
			children = (
				2CEEBA5229CFBCA600403ECE /* DeliveryData.swift */,
			);
			path = Modul;
			sourceTree = "<group>";
		};
/* End PBXGroup section */

/* Begin PBXNativeTarget section */
		2CE0871129C83AF800710F98 /* WoodGrowthCourseWorkSwiftUI */ = {
			isa = PBXNativeTarget;
			buildConfigurationList = 2CE0872129C83AF900710F98 /* Build configuration list for PBXNativeTarget "WoodGrowthCourseWorkSwiftUI" */;
			buildPhases = (
				2CE0870E29C83AF800710F98 /* Sources */,
				2CE0870F29C83AF800710F98 /* Frameworks */,
				2CE0871029C83AF800710F98 /* Resources */,
			);
			buildRules = (
			);
			dependencies = (
			);
			name = WoodGrowthCourseWorkSwiftUI;
			packageProductDependencies = (
				2CC72AEC29C8937800559E47 /* SDWebImageSwiftUI */,
			);
			productName = WoodGrowthCourseWorkSwiftUI;
			productReference = 2CE0871229C83AF800710F98 /* WoodGrowthCourseWorkSwiftUI.app */;
			productType = "com.apple.product-type.application";
		};
/* End PBXNativeTarget section */

/* Begin PBXProject section */
		2CE0870A29C83AF800710F98 /* Project object */ = {
			isa = PBXProject;
			attributes = {
				BuildIndependentTargetsInParallel = 1;
				LastSwiftUpdateCheck = 1420;
				LastUpgradeCheck = 1430;
				TargetAttributes = {
					2CE0871129C83AF800710F98 = {
						CreatedOnToolsVersion = 14.2;
					};
				};
			};
			buildConfigurationList = 2CE0870D29C83AF800710F98 /* Build configuration list for PBXProject "WoodGrowthCourseWorkSwiftUI" */;
			compatibilityVersion = "Xcode 14.0";
			developmentRegion = en;
			hasScannedForEncodings = 0;
			knownRegions = (
				en,
				Base,
			);
			mainGroup = 2CE0870929C83AF800710F98;
			packageReferences = (
				2CC72AEB29C8937800559E47 /* XCRemoteSwiftPackageReference "SDWebImageSwiftUI" */,
			);
			productRefGroup = 2CE0871329C83AF800710F98 /* Products */;
			projectDirPath = "";
			projectRoot = "";
			targets = (
				2CE0871129C83AF800710F98 /* WoodGrowthCourseWorkSwiftUI */,
			);
		};
/* End PBXProject section */

/* Begin PBXResourcesBuildPhase section */
		2CE0871029C83AF800710F98 /* Resources */ = {
			isa = PBXResourcesBuildPhase;
			buildActionMask = 2147483647;
			files = (
				2CE0871D29C83AF900710F98 /* Preview Assets.xcassets in Resources */,
				2CE0871A29C83AF900710F98 /* Assets.xcassets in Resources */,
			);
			runOnlyForDeploymentPostprocessing = 0;
		};
/* End PBXResourcesBuildPhase section */

/* Begin PBXSourcesBuildPhase section */
		2CE0870E29C83AF800710F98 /* Sources */ = {
			isa = PBXSourcesBuildPhase;
			buildActionMask = 2147483647;
			files = (
				2C8D7B6829D58EE4006C5AD3 /* TypeTreeCard.swift in Sources */,
				2C3FF28D29C85E650009AB1A /* BlurWindow.swift in Sources */,
				2C3E1C5C29D45764001FEC5A /* WateringLog.swift in Sources */,
				2CCC1E9429C90CF200FB8088 /* DetailCard.swift in Sources */,
				2C2464CC29CAC7120021907A /* TreeCard.swift in Sources */,
				2C2464D029CAE2690021907A /* correctDate.swift in Sources */,
				2CEEBA3B29CF5D4C00403ECE /* FertilizerView.swift in Sources */,
				2CC72AEA29C88FA200559E47 /* CardsEmployes.swift in Sources */,
				2CE0871829C83AF800710F98 /* ContentView.swift in Sources */,
				2CE0871629C83AF800710F98 /* WoodGrowthCourseWorkSwiftUIApp.swift in Sources */,
				2C3FF29129C862070009AB1A /* TabButton.swift in Sources */,
				2CEEBA2D29CE9DDA00403ECE /* TurnOffServer.swift in Sources */,
				2CA79B3D29E8766200045ACB /* AddEmployee.swift in Sources */,
				2C3FF28B29C85D760009AB1A /* Home.swift in Sources */,
				2C0BA1AA29E4D2B1006F0114 /* UserDataModule.swift in Sources */,
				2C8CE9A829CE35A100530B94 /* PlotInfo.swift in Sources */,
				2CEEBA3F29CF636200403ECE /* FertilizerData.swift in Sources */,
				2CE0872529C8401900710F98 /* AdminMenuView.swift in Sources */,
				2CCC1E8629C8D76900FB8088 /* Employees.swift in Sources */,
				2C8CE9A229CE1CBA00530B94 /* PlotCard.swift in Sources */,
				2C24088429CCF42600B376DD /* Authorization.swift in Sources */,
				2C8D7B6A29D5A51D006C5AD3 /* TypeTrees.swift in Sources */,
				2C2464D429CAF1D00021907A /* DetailCardTree.swift in Sources */,
				2CEEBA4829CF99C300403ECE /* SupplierCard.swift in Sources */,
				2CEEBA4A29CF9C1F00403ECE /* S&DVies.swift in Sources */,
				2CEEBA4129CF685300403ECE /* FertilizerEdit.swift in Sources */,
				2C2464CE29CAD6570021907A /* CardsTrees.swift in Sources */,
				2C8D7B6D29D5FA1F006C5AD3 /* TypeTreesModul.swift in Sources */,
				2CEEBA5329CFBCA600403ECE /* DeliveryData.swift in Sources */,
				2CCC1E9229C900FF00FB8088 /* CorrectPhone.swift in Sources */,
				2CEEBA4E29CFB37600403ECE /* SupplierDetail.swift in Sources */,
				2C8CE9A629CE32F800530B94 /* Plots.swift in Sources */,
				2C2F79E029CA6E1300157DDB /* ScrollViewCard.swift in Sources */,
				2C8CE9AC29CE672F00530B94 /* Trees.swift in Sources */,
				2C4ED44729E7F7D9002FA400 /* AddendumCard.swift in Sources */,
				2CEEBA4C29CF9F1D00403ECE /* SupplierData.swift in Sources */,
				2CCC1E8429C8CD5B00FB8088 /* SideBar.swift in Sources */,
				2CEEBA2F29CEA58B00403ECE /* EditPlot.swift in Sources */,
				2CEEBA3D29CF5D5900403ECE /* FertilizerCard.swift in Sources */,
				2C8D7B6F29D61D9C006C5AD3 /* TreeCardForTypeTreeView.swift in Sources */,
				2CC72AE429C886FC00559E47 /* APIManager.swift in Sources */,
			);
			runOnlyForDeploymentPostprocessing = 0;
		};
/* End PBXSourcesBuildPhase section */

/* Begin XCBuildConfiguration section */
		2CE0871F29C83AF900710F98 /* Debug */ = {
			isa = XCBuildConfiguration;
			buildSettings = {
				ALWAYS_SEARCH_USER_PATHS = NO;
				CLANG_ANALYZER_NONNULL = YES;
				CLANG_ANALYZER_NUMBER_OBJECT_CONVERSION = YES_AGGRESSIVE;
				CLANG_CXX_LANGUAGE_STANDARD = "gnu++20";
				CLANG_ENABLE_MODULES = YES;
				CLANG_ENABLE_OBJC_ARC = YES;
				CLANG_ENABLE_OBJC_WEAK = YES;
				CLANG_WARN_BLOCK_CAPTURE_AUTORELEASING = YES;
				CLANG_WARN_BOOL_CONVERSION = YES;
				CLANG_WARN_COMMA = YES;
				CLANG_WARN_CONSTANT_CONVERSION = YES;
				CLANG_WARN_DEPRECATED_OBJC_IMPLEMENTATIONS = YES;
				CLANG_WARN_DIRECT_OBJC_ISA_USAGE = YES_ERROR;
				CLANG_WARN_DOCUMENTATION_COMMENTS = YES;
				CLANG_WARN_EMPTY_BODY = YES;
				CLANG_WARN_ENUM_CONVERSION = YES;
				CLANG_WARN_INFINITE_RECURSION = YES;
				CLANG_WARN_INT_CONVERSION = YES;
				CLANG_WARN_NON_LITERAL_NULL_CONVERSION = YES;
				CLANG_WARN_OBJC_IMPLICIT_RETAIN_SELF = YES;
				CLANG_WARN_OBJC_LITERAL_CONVERSION = YES;
				CLANG_WARN_OBJC_ROOT_CLASS = YES_ERROR;
				CLANG_WARN_QUOTED_INCLUDE_IN_FRAMEWORK_HEADER = YES;
				CLANG_WARN_RANGE_LOOP_ANALYSIS = YES;
				CLANG_WARN_STRICT_PROTOTYPES = YES;
				CLANG_WARN_SUSPICIOUS_MOVE = YES;
				CLANG_WARN_UNGUARDED_AVAILABILITY = YES_AGGRESSIVE;
				CLANG_WARN_UNREACHABLE_CODE = YES;
				CLANG_WARN__DUPLICATE_METHOD_MATCH = YES;
				COPY_PHASE_STRIP = NO;
				DEAD_CODE_STRIPPING = YES;
				DEBUG_INFORMATION_FORMAT = dwarf;
				ENABLE_STRICT_OBJC_MSGSEND = YES;
				ENABLE_TESTABILITY = YES;
				GCC_C_LANGUAGE_STANDARD = gnu11;
				GCC_DYNAMIC_NO_PIC = NO;
				GCC_NO_COMMON_BLOCKS = YES;
				GCC_OPTIMIZATION_LEVEL = 0;
				GCC_PREPROCESSOR_DEFINITIONS = (
					"DEBUG=1",
					"$(inherited)",
				);
				GCC_WARN_64_TO_32_BIT_CONVERSION = YES;
				GCC_WARN_ABOUT_RETURN_TYPE = YES_ERROR;
				GCC_WARN_UNDECLARED_SELECTOR = YES;
				GCC_WARN_UNINITIALIZED_AUTOS = YES_AGGRESSIVE;
				GCC_WARN_UNUSED_FUNCTION = YES;
				GCC_WARN_UNUSED_VARIABLE = YES;
				MACOSX_DEPLOYMENT_TARGET = 13.1;
				MTL_ENABLE_DEBUG_INFO = INCLUDE_SOURCE;
				MTL_FAST_MATH = YES;
				ONLY_ACTIVE_ARCH = YES;
				SDKROOT = macosx;
				SWIFT_ACTIVE_COMPILATION_CONDITIONS = DEBUG;
				SWIFT_OPTIMIZATION_LEVEL = "-Onone";
			};
			name = Debug;
		};
		2CE0872029C83AF900710F98 /* Release */ = {
			isa = XCBuildConfiguration;
			buildSettings = {
				ALWAYS_SEARCH_USER_PATHS = NO;
				CLANG_ANALYZER_NONNULL = YES;
				CLANG_ANALYZER_NUMBER_OBJECT_CONVERSION = YES_AGGRESSIVE;
				CLANG_CXX_LANGUAGE_STANDARD = "gnu++20";
				CLANG_ENABLE_MODULES = YES;
				CLANG_ENABLE_OBJC_ARC = YES;
				CLANG_ENABLE_OBJC_WEAK = YES;
				CLANG_WARN_BLOCK_CAPTURE_AUTORELEASING = YES;
				CLANG_WARN_BOOL_CONVERSION = YES;
				CLANG_WARN_COMMA = YES;
				CLANG_WARN_CONSTANT_CONVERSION = YES;
				CLANG_WARN_DEPRECATED_OBJC_IMPLEMENTATIONS = YES;
				CLANG_WARN_DIRECT_OBJC_ISA_USAGE = YES_ERROR;
				CLANG_WARN_DOCUMENTATION_COMMENTS = YES;
				CLANG_WARN_EMPTY_BODY = YES;
				CLANG_WARN_ENUM_CONVERSION = YES;
				CLANG_WARN_INFINITE_RECURSION = YES;
				CLANG_WARN_INT_CONVERSION = YES;
				CLANG_WARN_NON_LITERAL_NULL_CONVERSION = YES;
				CLANG_WARN_OBJC_IMPLICIT_RETAIN_SELF = YES;
				CLANG_WARN_OBJC_LITERAL_CONVERSION = YES;
				CLANG_WARN_OBJC_ROOT_CLASS = YES_ERROR;
				CLANG_WARN_QUOTED_INCLUDE_IN_FRAMEWORK_HEADER = YES;
				CLANG_WARN_RANGE_LOOP_ANALYSIS = YES;
				CLANG_WARN_STRICT_PROTOTYPES = YES;
				CLANG_WARN_SUSPICIOUS_MOVE = YES;
				CLANG_WARN_UNGUARDED_AVAILABILITY = YES_AGGRESSIVE;
				CLANG_WARN_UNREACHABLE_CODE = YES;
				CLANG_WARN__DUPLICATE_METHOD_MATCH = YES;
				COPY_PHASE_STRIP = NO;
				DEAD_CODE_STRIPPING = YES;
				DEBUG_INFORMATION_FORMAT = "dwarf-with-dsym";
				ENABLE_NS_ASSERTIONS = NO;
				ENABLE_STRICT_OBJC_MSGSEND = YES;
				GCC_C_LANGUAGE_STANDARD = gnu11;
				GCC_NO_COMMON_BLOCKS = YES;
				GCC_WARN_64_TO_32_BIT_CONVERSION = YES;
				GCC_WARN_ABOUT_RETURN_TYPE = YES_ERROR;
				GCC_WARN_UNDECLARED_SELECTOR = YES;
				GCC_WARN_UNINITIALIZED_AUTOS = YES_AGGRESSIVE;
				GCC_WARN_UNUSED_FUNCTION = YES;
				GCC_WARN_UNUSED_VARIABLE = YES;
				MACOSX_DEPLOYMENT_TARGET = 13.1;
				MTL_ENABLE_DEBUG_INFO = NO;
				MTL_FAST_MATH = YES;
				SDKROOT = macosx;
				SWIFT_COMPILATION_MODE = wholemodule;
				SWIFT_OPTIMIZATION_LEVEL = "-O";
			};
			name = Release;
		};
		2CE0872229C83AF900710F98 /* Debug */ = {
			isa = XCBuildConfiguration;
			buildSettings = {
				ASSETCATALOG_COMPILER_APPICON_NAME = AppIcon;
				ASSETCATALOG_COMPILER_GLOBAL_ACCENT_COLOR_NAME = AccentColor;
				ASSETCATALOG_COMPILER_INCLUDE_ALL_APPICON_ASSETS = YES;
				CODE_SIGN_ENTITLEMENTS = WoodGrowthCourseWorkSwiftUI/WoodGrowthCourseWorkSwiftUI.entitlements;
				CODE_SIGN_STYLE = Automatic;
				COMBINE_HIDPI_IMAGES = YES;
				CURRENT_PROJECT_VERSION = 1;
				DEAD_CODE_STRIPPING = YES;
				DEVELOPMENT_ASSET_PATHS = "\"WoodGrowthCourseWorkSwiftUI/Preview Content\"";
				DEVELOPMENT_TEAM = SKCX3NJ774;
				ENABLE_HARDENED_RUNTIME = YES;
				ENABLE_PREVIEWS = YES;
				GENERATE_INFOPLIST_FILE = YES;
				INFOPLIST_KEY_CFBundleDisplayName = "Wood Business";
				INFOPLIST_KEY_LSApplicationCategoryType = "public.app-category.shopping";
				INFOPLIST_KEY_NSHumanReadableCopyright = "";
				LD_RUNPATH_SEARCH_PATHS = (
					"$(inherited)",
					"@executable_path/../Frameworks",
				);
				MARKETING_VERSION = 1.0;
				PRODUCT_BUNDLE_IDENTIFIER = github.com.mightyK1ngRichard.WoodGrowthCourseWorkSwiftUI;
				PRODUCT_NAME = "$(TARGET_NAME)";
				SWIFT_EMIT_LOC_STRINGS = YES;
				SWIFT_VERSION = 5.0;
			};
			name = Debug;
		};
		2CE0872329C83AF900710F98 /* Release */ = {
			isa = XCBuildConfiguration;
			buildSettings = {
				ASSETCATALOG_COMPILER_APPICON_NAME = AppIcon;
				ASSETCATALOG_COMPILER_GLOBAL_ACCENT_COLOR_NAME = AccentColor;
				ASSETCATALOG_COMPILER_INCLUDE_ALL_APPICON_ASSETS = YES;
				CODE_SIGN_ENTITLEMENTS = WoodGrowthCourseWorkSwiftUI/WoodGrowthCourseWorkSwiftUI.entitlements;
				CODE_SIGN_STYLE = Automatic;
				COMBINE_HIDPI_IMAGES = YES;
				CURRENT_PROJECT_VERSION = 1;
				DEAD_CODE_STRIPPING = YES;
				DEVELOPMENT_ASSET_PATHS = "\"WoodGrowthCourseWorkSwiftUI/Preview Content\"";
				DEVELOPMENT_TEAM = SKCX3NJ774;
				ENABLE_HARDENED_RUNTIME = YES;
				ENABLE_PREVIEWS = YES;
				GENERATE_INFOPLIST_FILE = YES;
				INFOPLIST_KEY_CFBundleDisplayName = "Wood Business";
				INFOPLIST_KEY_LSApplicationCategoryType = "public.app-category.shopping";
				INFOPLIST_KEY_NSHumanReadableCopyright = "";
				LD_RUNPATH_SEARCH_PATHS = (
					"$(inherited)",
					"@executable_path/../Frameworks",
				);
				MARKETING_VERSION = 1.0;
				PRODUCT_BUNDLE_IDENTIFIER = github.com.mightyK1ngRichard.WoodGrowthCourseWorkSwiftUI;
				PRODUCT_NAME = "$(TARGET_NAME)";
				SWIFT_EMIT_LOC_STRINGS = YES;
				SWIFT_VERSION = 5.0;
			};
			name = Release;
		};
/* End XCBuildConfiguration section */

/* Begin XCConfigurationList section */
		2CE0870D29C83AF800710F98 /* Build configuration list for PBXProject "WoodGrowthCourseWorkSwiftUI" */ = {
			isa = XCConfigurationList;
			buildConfigurations = (
				2CE0871F29C83AF900710F98 /* Debug */,
				2CE0872029C83AF900710F98 /* Release */,
			);
			defaultConfigurationIsVisible = 0;
			defaultConfigurationName = Release;
		};
		2CE0872129C83AF900710F98 /* Build configuration list for PBXNativeTarget "WoodGrowthCourseWorkSwiftUI" */ = {
			isa = XCConfigurationList;
			buildConfigurations = (
				2CE0872229C83AF900710F98 /* Debug */,
				2CE0872329C83AF900710F98 /* Release */,
			);
			defaultConfigurationIsVisible = 0;
			defaultConfigurationName = Release;
		};
/* End XCConfigurationList section */

/* Begin XCRemoteSwiftPackageReference section */
		2CC72AEB29C8937800559E47 /* XCRemoteSwiftPackageReference "SDWebImageSwiftUI" */ = {
			isa = XCRemoteSwiftPackageReference;
			repositoryURL = "https://github.com/SDWebImage/SDWebImageSwiftUI.git";
			requirement = {
				kind = upToNextMajorVersion;
				minimumVersion = 2.0.0;
			};
		};
/* End XCRemoteSwiftPackageReference section */

/* Begin XCSwiftPackageProductDependency section */
		2CC72AEC29C8937800559E47 /* SDWebImageSwiftUI */ = {
			isa = XCSwiftPackageProductDependency;
			package = 2CC72AEB29C8937800559E47 /* XCRemoteSwiftPackageReference "SDWebImageSwiftUI" */;
			productName = SDWebImageSwiftUI;
		};
/* End XCSwiftPackageProductDependency section */
	};
	rootObject = 2CE0870A29C83AF800710F98 /* Project object */;
}
